
Microsoft Visual Studio Solution File, Format Version 12.00
# Visual Studio Version 16
VisualStudioVersion = 16.0.29519.87
MinimumVisualStudioVersion = 10.0.40219.1
Project("{FAE04EC0-301F-11D3-BF4B-00C04F79EFBC}") = "Hackathon", "Hackathon.csproj", "{916AB609-28DA-4300-BA0E-53B0B629D949}"
EndProject
Global
	GlobalSection(SolutionConfigurationPlatforms) = preSolution
		Debug|Any CPU = Debug|Any CPU
		Release|Any CPU = Release|Any CPU
	EndGlobalSection
	GlobalSection(ProjectConfigurationPlatforms) = postSolution
		{916AB609-28DA-4300-BA0E-53B0B629D949}.Debug|Any CPU.ActiveCfg = Debug|Any CPU
		{916AB609-28DA-4300-BA0E-53B0B629D949}.Debug|Any CPU.Build.0 = Debug|Any CPU
		{916AB609-28DA-4300-BA0E-53B0B629D949}.Release|Any CPU.ActiveCfg = Release|Any CPU
		{916AB609-28DA-4300-BA0E-53B0B629D949}.Release|Any CPU.Build.0 = Release|Any CPU
	EndGlobalSection
	GlobalSection(SolutionProperties) = preSolution
		HideSolutionNode = FALSE
	EndGlobalSection
	GlobalSection(ExtensibilityGlobals) = postSolution
		SolutionGuid = {8B89AE36-21B8-4938-8863-7E805A9C3694}
	EndGlobalSection
EndGlobal
